// !$*UTF8*$!
{
	archiveVersion = 1;
	classes = {
	};
	objectVersion = 48;
	objects = {

/* Begin PBXBuildFile section */
		6E3C4F92204E77A2000B01AF /* URUIButtonHookViewController.m in Sources */ = {isa = PBXBuildFile; fileRef = 6E3C4F91204E77A2000B01AF /* URUIButtonHookViewController.m */; };
		6E3C4F96204E77F1000B01AF /* UIButton+Hook.m in Sources */ = {isa = PBXBuildFile; fileRef = 6E3C4F95204E77F1000B01AF /* UIButton+Hook.m */; };
		6E3C4FBB205142DB000B01AF /* URImMessageViewController.m in Sources */ = {isa = PBXBuildFile; fileRef = 6E3C4FBA205142DB000B01AF /* URImMessageViewController.m */; };
		6E3C4FBE2051430C000B01AF /* URImToolView.m in Sources */ = {isa = PBXBuildFile; fileRef = 6E3C4FBD2051430C000B01AF /* URImToolView.m */; };
		6E3C4FC4205294C4000B01AF /* URPFSView.m in Sources */ = {isa = PBXBuildFile; fileRef = 6E3C4FC3205294C4000B01AF /* URPFSView.m */; };
		6E3C4FCB2052B667000B01AF /* URTextTableViewCell.m in Sources */ = {isa = PBXBuildFile; fileRef = 6E3C4FCA2052B667000B01AF /* URTextTableViewCell.m */; };
		6E3C4FD52052BEC3000B01AF /* NSString+Utils.m in Sources */ = {isa = PBXBuildFile; fileRef = 6E3C4FD42052BEC3000B01AF /* NSString+Utils.m */; };
		6E3C4FDC20537EA8000B01AF /* URTextContaintViewController.m in Sources */ = {isa = PBXBuildFile; fileRef = 6E3C4FDB20537EA8000B01AF /* URTextContaintViewController.m */; };
		6E3C4FDE20538214000B01AF /* origin.geojson in Resources */ = {isa = PBXBuildFile; fileRef = 6E3C4FDD205381A9000B01AF /* origin.geojson */; };
		6E3C4FE2205384FB000B01AF /* uids.txt in Resources */ = {isa = PBXBuildFile; fileRef = 6E3C4FE1205384FB000B01AF /* uids.txt */; };
		6E6A1A062048EF41003ADE7B /* AppDelegate.m in Sources */ = {isa = PBXBuildFile; fileRef = 6E6A1A052048EF41003ADE7B /* AppDelegate.m */; };
		6E6A1A092048EF41003ADE7B /* ViewController.m in Sources */ = {isa = PBXBuildFile; fileRef = 6E6A1A082048EF41003ADE7B /* ViewController.m */; };
		6E6A1A0C2048EF41003ADE7B /* Main.storyboard in Resources */ = {isa = PBXBuildFile; fileRef = 6E6A1A0A2048EF41003ADE7B /* Main.storyboard */; };
		6E6A1A0E2048EF41003ADE7B /* Assets.xcassets in Resources */ = {isa = PBXBuildFile; fileRef = 6E6A1A0D2048EF41003ADE7B /* Assets.xcassets */; };
		6E6A1A112048EF41003ADE7B /* LaunchScreen.storyboard in Resources */ = {isa = PBXBuildFile; fileRef = 6E6A1A0F2048EF41003ADE7B /* LaunchScreen.storyboard */; };
		6E6A1A142048EF41003ADE7B /* main.m in Sources */ = {isa = PBXBuildFile; fileRef = 6E6A1A132048EF41003ADE7B /* main.m */; };
		6E6A1A1E2048EF41003ADE7B /* URLabTests.m in Sources */ = {isa = PBXBuildFile; fileRef = 6E6A1A1D2048EF41003ADE7B /* URLabTests.m */; };
		6E6A1A292048EF41003ADE7B /* URLabUITests.m in Sources */ = {isa = PBXBuildFile; fileRef = 6E6A1A282048EF41003ADE7B /* URLabUITests.m */; };
		6E6A1A382048EF72003ADE7B /* URAnimationViewController.m in Sources */ = {isa = PBXBuildFile; fileRef = 6E6A1A372048EF72003ADE7B /* URAnimationViewController.m */; };
		6E9740CF2054E02400BA4D34 /* URDownloadViewController.m in Sources */ = {isa = PBXBuildFile; fileRef = 6E9740CE2054E02400BA4D34 /* URDownloadViewController.m */; };
		6E9740D22054E17300BA4D34 /* URDownloadManager.m in Sources */ = {isa = PBXBuildFile; fileRef = 6E9740D12054E17300BA4D34 /* URDownloadManager.m */; };
/* End PBXBuildFile section */

/* Begin PBXContainerItemProxy section */
		6E6A1A1A2048EF41003ADE7B /* PBXContainerItemProxy */ = {
			isa = PBXContainerItemProxy;
			containerPortal = 6E6A19F92048EF41003ADE7B /* Project object */;
			proxyType = 1;
			remoteGlobalIDString = 6E6A1A002048EF41003ADE7B;
			remoteInfo = URLab;
		};
		6E6A1A252048EF41003ADE7B /* PBXContainerItemProxy */ = {
			isa = PBXContainerItemProxy;
			containerPortal = 6E6A19F92048EF41003ADE7B /* Project object */;
			proxyType = 1;
			remoteGlobalIDString = 6E6A1A002048EF41003ADE7B;
			remoteInfo = URLab;
		};
/* End PBXContainerItemProxy section */

/* Begin PBXFileReference section */
		6E3C4F90204E77A2000B01AF /* URUIButtonHookViewController.h */ = {isa = PBXFileReference; lastKnownFileType = sourcecode.c.h; path = URUIButtonHookViewController.h; sourceTree = "<group>"; };
		6E3C4F91204E77A2000B01AF /* URUIButtonHookViewController.m */ = {isa = PBXFileReference; lastKnownFileType = sourcecode.c.objc; path = URUIButtonHookViewController.m; sourceTree = "<group>"; };
		6E3C4F94204E77F1000B01AF /* UIButton+Hook.h */ = {isa = PBXFileReference; lastKnownFileType = sourcecode.c.h; path = "UIButton+Hook.h"; sourceTree = "<group>"; };
		6E3C4F95204E77F1000B01AF /* UIButton+Hook.m */ = {isa = PBXFileReference; lastKnownFileType = sourcecode.c.objc; path = "UIButton+Hook.m"; sourceTree = "<group>"; };
		6E3C4FB9205142DB000B01AF /* URImMessageViewController.h */ = {isa = PBXFileReference; fileEncoding = 4; lastKnownFileType = sourcecode.c.h; path = URImMessageViewController.h; sourceTree = "<group>"; };
		6E3C4FBA205142DB000B01AF /* URImMessageViewController.m */ = {isa = PBXFileReference; fileEncoding = 4; lastKnownFileType = sourcecode.c.objc; path = URImMessageViewController.m; sourceTree = "<group>"; };
		6E3C4FBC2051430C000B01AF /* URImToolView.h */ = {isa = PBXFileReference; lastKnownFileType = sourcecode.c.h; path = URImToolView.h; sourceTree = "<group>"; };
		6E3C4FBD2051430C000B01AF /* URImToolView.m */ = {isa = PBXFileReference; lastKnownFileType = sourcecode.c.objc; path = URImToolView.m; sourceTree = "<group>"; };
		6E3C4FC2205294C4000B01AF /* URPFSView.h */ = {isa = PBXFileReference; lastKnownFileType = sourcecode.c.h; path = URPFSView.h; sourceTree = "<group>"; };
		6E3C4FC3205294C4000B01AF /* URPFSView.m */ = {isa = PBXFileReference; lastKnownFileType = sourcecode.c.objc; path = URPFSView.m; sourceTree = "<group>"; };
		6E3C4FC92052B667000B01AF /* URTextTableViewCell.h */ = {isa = PBXFileReference; lastKnownFileType = sourcecode.c.h; path = URTextTableViewCell.h; sourceTree = "<group>"; };
		6E3C4FCA2052B667000B01AF /* URTextTableViewCell.m */ = {isa = PBXFileReference; lastKnownFileType = sourcecode.c.objc; path = URTextTableViewCell.m; sourceTree = "<group>"; };
		6E3C4FD32052BEC3000B01AF /* NSString+Utils.h */ = {isa = PBXFileReference; lastKnownFileType = sourcecode.c.h; path = "NSString+Utils.h"; sourceTree = "<group>"; };
		6E3C4FD42052BEC3000B01AF /* NSString+Utils.m */ = {isa = PBXFileReference; lastKnownFileType = sourcecode.c.objc; path = "NSString+Utils.m"; sourceTree = "<group>"; };
		6E3C4FDA20537EA8000B01AF /* URTextContaintViewController.h */ = {isa = PBXFileReference; lastKnownFileType = sourcecode.c.h; path = URTextContaintViewController.h; sourceTree = "<group>"; };
		6E3C4FDB20537EA8000B01AF /* URTextContaintViewController.m */ = {isa = PBXFileReference; lastKnownFileType = sourcecode.c.objc; path = URTextContaintViewController.m; sourceTree = "<group>"; };
		6E3C4FDD205381A9000B01AF /* origin.geojson */ = {isa = PBXFileReference; lastKnownFileType = text; path = origin.geojson; sourceTree = "<group>"; };
		6E3C4FE1205384FB000B01AF /* uids.txt */ = {isa = PBXFileReference; fileEncoding = 4; lastKnownFileType = text; path = uids.txt; sourceTree = "<group>"; };
		6E6A1A012048EF41003ADE7B /* URLab.app */ = {isa = PBXFileReference; explicitFileType = wrapper.application; includeInIndex = 0; path = URLab.app; sourceTree = BUILT_PRODUCTS_DIR; };
		6E6A1A042048EF41003ADE7B /* AppDelegate.h */ = {isa = PBXFileReference; lastKnownFileType = sourcecode.c.h; path = AppDelegate.h; sourceTree = "<group>"; };
		6E6A1A052048EF41003ADE7B /* AppDelegate.m */ = {isa = PBXFileReference; lastKnownFileType = sourcecode.c.objc; path = AppDelegate.m; sourceTree = "<group>"; };
		6E6A1A072048EF41003ADE7B /* ViewController.h */ = {isa = PBXFileReference; lastKnownFileType = sourcecode.c.h; path = ViewController.h; sourceTree = "<group>"; };
		6E6A1A082048EF41003ADE7B /* ViewController.m */ = {isa = PBXFileReference; lastKnownFileType = sourcecode.c.objc; path = ViewController.m; sourceTree = "<group>"; };
		6E6A1A0B2048EF41003ADE7B /* Base */ = {isa = PBXFileReference; lastKnownFileType = file.storyboard; name = Base; path = Base.lproj/Main.storyboard; sourceTree = "<group>"; };
		6E6A1A0D2048EF41003ADE7B /* Assets.xcassets */ = {isa = PBXFileReference; lastKnownFileType = folder.assetcatalog; path = Assets.xcassets; sourceTree = "<group>"; };
		6E6A1A102048EF41003ADE7B /* Base */ = {isa = PBXFileReference; lastKnownFileType = file.storyboard; name = Base; path = Base.lproj/LaunchScreen.storyboard; sourceTree = "<group>"; };
		6E6A1A122048EF41003ADE7B /* Info.plist */ = {isa = PBXFileReference; lastKnownFileType = text.plist.xml; path = Info.plist; sourceTree = "<group>"; };
		6E6A1A132048EF41003ADE7B /* main.m */ = {isa = PBXFileReference; lastKnownFileType = sourcecode.c.objc; path = main.m; sourceTree = "<group>"; };
		6E6A1A192048EF41003ADE7B /* URLabTests.xctest */ = {isa = PBXFileReference; explicitFileType = wrapper.cfbundle; includeInIndex = 0; path = URLabTests.xctest; sourceTree = BUILT_PRODUCTS_DIR; };
		6E6A1A1D2048EF41003ADE7B /* URLabTests.m */ = {isa = PBXFileReference; lastKnownFileType = sourcecode.c.objc; path = URLabTests.m; sourceTree = "<group>"; };
		6E6A1A1F2048EF41003ADE7B /* Info.plist */ = {isa = PBXFileReference; lastKnownFileType = text.plist.xml; path = Info.plist; sourceTree = "<group>"; };
		6E6A1A242048EF41003ADE7B /* URLabUITests.xctest */ = {isa = PBXFileReference; explicitFileType = wrapper.cfbundle; includeInIndex = 0; path = URLabUITests.xctest; sourceTree = BUILT_PRODUCTS_DIR; };
		6E6A1A282048EF41003ADE7B /* URLabUITests.m */ = {isa = PBXFileReference; lastKnownFileType = sourcecode.c.objc; path = URLabUITests.m; sourceTree = "<group>"; };
		6E6A1A2A2048EF41003ADE7B /* Info.plist */ = {isa = PBXFileReference; lastKnownFileType = text.plist.xml; path = Info.plist; sourceTree = "<group>"; };
		6E6A1A362048EF72003ADE7B /* URAnimationViewController.h */ = {isa = PBXFileReference; lastKnownFileType = sourcecode.c.h; path = URAnimationViewController.h; sourceTree = "<group>"; };
		6E6A1A372048EF72003ADE7B /* URAnimationViewController.m */ = {isa = PBXFileReference; lastKnownFileType = sourcecode.c.objc; path = URAnimationViewController.m; sourceTree = "<group>"; };
		6E9740CD2054E02400BA4D34 /* URDownloadViewController.h */ = {isa = PBXFileReference; lastKnownFileType = sourcecode.c.h; path = URDownloadViewController.h; sourceTree = "<group>"; };
		6E9740CE2054E02400BA4D34 /* URDownloadViewController.m */ = {isa = PBXFileReference; lastKnownFileType = sourcecode.c.objc; path = URDownloadViewController.m; sourceTree = "<group>"; };
		6E9740D02054E17300BA4D34 /* URDownloadManager.h */ = {isa = PBXFileReference; lastKnownFileType = sourcecode.c.h; path = URDownloadManager.h; sourceTree = "<group>"; };
		6E9740D12054E17300BA4D34 /* URDownloadManager.m */ = {isa = PBXFileReference; lastKnownFileType = sourcecode.c.objc; path = URDownloadManager.m; sourceTree = "<group>"; };
/* End PBXFileReference section */

/* Begin PBXFrameworksBuildPhase section */
		6E6A19FE2048EF41003ADE7B /* Frameworks */ = {
			isa = PBXFrameworksBuildPhase;
			buildActionMask = 2147483647;
			files = (
			);
			runOnlyForDeploymentPostprocessing = 0;
		};
		6E6A1A162048EF41003ADE7B /* Frameworks */ = {
			isa = PBXFrameworksBuildPhase;
			buildActionMask = 2147483647;
			files = (
			);
			runOnlyForDeploymentPostprocessing = 0;
		};
		6E6A1A212048EF41003ADE7B /* Frameworks */ = {
			isa = PBXFrameworksBuildPhase;
			buildActionMask = 2147483647;
			files = (
			);
			runOnlyForDeploymentPostprocessing = 0;
		};
/* End PBXFrameworksBuildPhase section */

/* Begin PBXGroup section */
		6E3C4F93204E77D7000B01AF /* Category */ = {
			isa = PBXGroup;
			children = (
				6E3C4F94204E77F1000B01AF /* UIButton+Hook.h */,
				6E3C4F95204E77F1000B01AF /* UIButton+Hook.m */,
			);
			path = Category;
			sourceTree = "<group>";
		};
		6E3C4FB8205142DB000B01AF /* IM */ = {
			isa = PBXGroup;
			children = (
				6E3C4FB9205142DB000B01AF /* URImMessageViewController.h */,
				6E3C4FBA205142DB000B01AF /* URImMessageViewController.m */,
				6E3C4FBC2051430C000B01AF /* URImToolView.h */,
				6E3C4FBD2051430C000B01AF /* URImToolView.m */,
				6E3C4FC92052B667000B01AF /* URTextTableViewCell.h */,
				6E3C4FCA2052B667000B01AF /* URTextTableViewCell.m */,
			);
			path = IM;
			sourceTree = "<group>";
		};
		6E3C4FD22052BE7D000B01AF /* Utils */ = {
			isa = PBXGroup;
			children = (
				6E3C4FD32052BEC3000B01AF /* NSString+Utils.h */,
				6E3C4FD42052BEC3000B01AF /* NSString+Utils.m */,
			);
			path = Utils;
			sourceTree = "<group>";
		};
		6E3C4FD920537E0D000B01AF /* Tool */ = {
			isa = PBXGroup;
			children = (
				6E3C4FE1205384FB000B01AF /* uids.txt */,
				6E3C4FDA20537EA8000B01AF /* URTextContaintViewController.h */,
				6E3C4FDB20537EA8000B01AF /* URTextContaintViewController.m */,
				6E3C4FDD205381A9000B01AF /* origin.geojson */,
			);
			path = Tool;
			sourceTree = "<group>";
		};
		6E6A19F82048EF41003ADE7B = {
			isa = PBXGroup;
			children = (
				6E6A1A032048EF41003ADE7B /* URLab */,
				6E6A1A1C2048EF41003ADE7B /* URLabTests */,
				6E6A1A272048EF41003ADE7B /* URLabUITests */,
				6E6A1A022048EF41003ADE7B /* Products */,
			);
			sourceTree = "<group>";
		};
		6E6A1A022048EF41003ADE7B /* Products */ = {
			isa = PBXGroup;
			children = (
				6E6A1A012048EF41003ADE7B /* URLab.app */,
				6E6A1A192048EF41003ADE7B /* URLabTests.xctest */,
				6E6A1A242048EF41003ADE7B /* URLabUITests.xctest */,
			);
			name = Products;
			sourceTree = "<group>";
		};
		6E6A1A032048EF41003ADE7B /* URLab */ = {
			isa = PBXGroup;
			children = (
				6E9740CC2054E01600BA4D34 /* Download */,
				6E3C4FD920537E0D000B01AF /* Tool */,
				6E3C4FD22052BE7D000B01AF /* Utils */,
				6E3C4FB8205142DB000B01AF /* IM */,
				6E3C4F93204E77D7000B01AF /* Category */,
				6E6A1A042048EF41003ADE7B /* AppDelegate.h */,
				6E6A1A052048EF41003ADE7B /* AppDelegate.m */,
				6E6A1A072048EF41003ADE7B /* ViewController.h */,
				6E6A1A082048EF41003ADE7B /* ViewController.m */,
				6E6A1A0A2048EF41003ADE7B /* Main.storyboard */,
				6E6A1A0D2048EF41003ADE7B /* Assets.xcassets */,
				6E6A1A0F2048EF41003ADE7B /* LaunchScreen.storyboard */,
				6E6A1A122048EF41003ADE7B /* Info.plist */,
				6E6A1A132048EF41003ADE7B /* main.m */,
				6E6A1A362048EF72003ADE7B /* URAnimationViewController.h */,
				6E6A1A372048EF72003ADE7B /* URAnimationViewController.m */,
				6E3C4F90204E77A2000B01AF /* URUIButtonHookViewController.h */,
				6E3C4F91204E77A2000B01AF /* URUIButtonHookViewController.m */,
				6E3C4FC2205294C4000B01AF /* URPFSView.h */,
				6E3C4FC3205294C4000B01AF /* URPFSView.m */,
			);
			path = URLab;
			sourceTree = "<group>";
		};
		6E6A1A1C2048EF41003ADE7B /* URLabTests */ = {
			isa = PBXGroup;
			children = (
				6E6A1A1D2048EF41003ADE7B /* URLabTests.m */,
				6E6A1A1F2048EF41003ADE7B /* Info.plist */,
			);
			path = URLabTests;
			sourceTree = "<group>";
		};
		6E6A1A272048EF41003ADE7B /* URLabUITests */ = {
			isa = PBXGroup;
			children = (
				6E6A1A282048EF41003ADE7B /* URLabUITests.m */,
				6E6A1A2A2048EF41003ADE7B /* Info.plist */,
			);
			path = URLabUITests;
			sourceTree = "<group>";
		};
		6E9740CC2054E01600BA4D34 /* Download */ = {
			isa = PBXGroup;
			children = (
				6E9740CD2054E02400BA4D34 /* URDownloadViewController.h */,
				6E9740CE2054E02400BA4D34 /* URDownloadViewController.m */,
				6E9740D02054E17300BA4D34 /* URDownloadManager.h */,
				6E9740D12054E17300BA4D34 /* URDownloadManager.m */,
			);
			path = Download;
			sourceTree = "<group>";
		};
/* End PBXGroup section */

/* Begin PBXNativeTarget section */
		6E6A1A002048EF41003ADE7B /* URLab */ = {
			isa = PBXNativeTarget;
			buildConfigurationList = 6E6A1A2D2048EF41003ADE7B /* Build configuration list for PBXNativeTarget "URLab" */;
			buildPhases = (
				6E6A19FD2048EF41003ADE7B /* Sources */,
				6E6A19FE2048EF41003ADE7B /* Frameworks */,
				6E6A19FF2048EF41003ADE7B /* Resources */,
			);
			buildRules = (
			);
			dependencies = (
			);
			name = URLab;
			productName = URLab;
			productReference = 6E6A1A012048EF41003ADE7B /* URLab.app */;
			productType = "com.apple.product-type.application";
		};
		6E6A1A182048EF41003ADE7B /* URLabTests */ = {
			isa = PBXNativeTarget;
			buildConfigurationList = 6E6A1A302048EF41003ADE7B /* Build configuration list for PBXNativeTarget "URLabTests" */;
			buildPhases = (
				6E6A1A152048EF41003ADE7B /* Sources */,
				6E6A1A162048EF41003ADE7B /* Frameworks */,
				6E6A1A172048EF41003ADE7B /* Resources */,
			);
			buildRules = (
			);
			dependencies = (
				6E6A1A1B2048EF41003ADE7B /* PBXTargetDependency */,
			);
			name = URLabTests;
			productName = URLabTests;
			productReference = 6E6A1A192048EF41003ADE7B /* URLabTests.xctest */;
			productType = "com.apple.product-type.bundle.unit-test";
		};
		6E6A1A232048EF41003ADE7B /* URLabUITests */ = {
			isa = PBXNativeTarget;
			buildConfigurationList = 6E6A1A332048EF41003ADE7B /* Build configuration list for PBXNativeTarget "URLabUITests" */;
			buildPhases = (
				6E6A1A202048EF41003ADE7B /* Sources */,
				6E6A1A212048EF41003ADE7B /* Frameworks */,
				6E6A1A222048EF41003ADE7B /* Resources */,
			);
			buildRules = (
			);
			dependencies = (
				6E6A1A262048EF41003ADE7B /* PBXTargetDependency */,
			);
			name = URLabUITests;
			productName = URLabUITests;
			productReference = 6E6A1A242048EF41003ADE7B /* URLabUITests.xctest */;
			productType = "com.apple.product-type.bundle.ui-testing";
		};
/* End PBXNativeTarget section */

/* Begin PBXProject section */
		6E6A19F92048EF41003ADE7B /* Project object */ = {
			isa = PBXProject;
			attributes = {
				LastUpgradeCheck = 0920;
				ORGANIZATIONNAME = "lin weiyan";
				TargetAttributes = {
					6E6A1A002048EF41003ADE7B = {
						CreatedOnToolsVersion = 9.2;
						ProvisioningStyle = Automatic;
					};
					6E6A1A182048EF41003ADE7B = {
						CreatedOnToolsVersion = 9.2;
						ProvisioningStyle = Automatic;
						TestTargetID = 6E6A1A002048EF41003ADE7B;
					};
					6E6A1A232048EF41003ADE7B = {
						CreatedOnToolsVersion = 9.2;
						ProvisioningStyle = Automatic;
						TestTargetID = 6E6A1A002048EF41003ADE7B;
					};
				};
			};
			buildConfigurationList = 6E6A19FC2048EF41003ADE7B /* Build configuration list for PBXProject "URLab" */;
			compatibilityVersion = "Xcode 8.0";
			developmentRegion = en;
			hasScannedForEncodings = 0;
			knownRegions = (
				en,
				Base,
			);
			mainGroup = 6E6A19F82048EF41003ADE7B;
			productRefGroup = 6E6A1A022048EF41003ADE7B /* Products */;
			projectDirPath = "";
			projectRoot = "";
			targets = (
				6E6A1A002048EF41003ADE7B /* URLab */,
				6E6A1A182048EF41003ADE7B /* URLabTests */,
				6E6A1A232048EF41003ADE7B /* URLabUITests */,
			);
		};
/* End PBXProject section */

/* Begin PBXResourcesBuildPhase section */
		6E6A19FF2048EF41003ADE7B /* Resources */ = {
			isa = PBXResourcesBuildPhase;
			buildActionMask = 2147483647;
			files = (
				6E3C4FDE20538214000B01AF /* origin.geojson in Resources */,
				6E6A1A112048EF41003ADE7B /* LaunchScreen.storyboard in Resources */,
				6E6A1A0E2048EF41003ADE7B /* Assets.xcassets in Resources */,
				6E6A1A0C2048EF41003ADE7B /* Main.storyboard in Resources */,
				6E3C4FE2205384FB000B01AF /* uids.txt in Resources */,
			);
			runOnlyForDeploymentPostprocessing = 0;
		};
		6E6A1A172048EF41003ADE7B /* Resources */ = {
			isa = PBXResourcesBuildPhase;
			buildActionMask = 2147483647;
			files = (
			);
			runOnlyForDeploymentPostprocessing = 0;
		};
		6E6A1A222048EF41003ADE7B /* Resources */ = {
			isa = PBXResourcesBuildPhase;
			buildActionMask = 2147483647;
			files = (
			);
			runOnlyForDeploymentPostprocessing = 0;
		};
/* End PBXResourcesBuildPhase section */

/* Begin PBXSourcesBuildPhase section */
		6E6A19FD2048EF41003ADE7B /* Sources */ = {
			isa = PBXSourcesBuildPhase;
			buildActionMask = 2147483647;
			files = (
				6E6A1A382048EF72003ADE7B /* URAnimationViewController.m in Sources */,
				6E3C4FC4205294C4000B01AF /* URPFSView.m in Sources */,
				6E3C4FBB205142DB000B01AF /* URImMessageViewController.m in Sources */,
				6E9740CF2054E02400BA4D34 /* URDownloadViewController.m in Sources */,
				6E6A1A092048EF41003ADE7B /* ViewController.m in Sources */,
				6E3C4FDC20537EA8000B01AF /* URTextContaintViewController.m in Sources */,
				6E3C4FD52052BEC3000B01AF /* NSString+Utils.m in Sources */,
				6E3C4F92204E77A2000B01AF /* URUIButtonHookViewController.m in Sources */,
				6E3C4FCB2052B667000B01AF /* URTextTableViewCell.m in Sources */,
				6E6A1A142048EF41003ADE7B /* main.m in Sources */,
				6E3C4F96204E77F1000B01AF /* UIButton+Hook.m in Sources */,
				6E6A1A062048EF41003ADE7B /* AppDelegate.m in Sources */,
				6E9740D22054E17300BA4D34 /* URDownloadManager.m in Sources */,
				6E3C4FBE2051430C000B01AF /* URImToolView.m in Sources */,
			);
			runOnlyForDeploymentPostprocessing = 0;
		};
		6E6A1A152048EF41003ADE7B /* Sources */ = {
			isa = PBXSourcesBuildPhase;
			buildActionMask = 2147483647;
			files = (
				6E6A1A1E2048EF41003ADE7B /* URLabTests.m in Sources */,
			);
			runOnlyForDeploymentPostprocessing = 0;
		};
		6E6A1A202048EF41003ADE7B /* Sources */ = {
			isa = PBXSourcesBuildPhase;
			buildActionMask = 2147483647;
			files = (
				6E6A1A292048EF41003ADE7B /* URLabUITests.m in Sources */,
			);
			runOnlyForDeploymentPostprocessing = 0;
		};
/* End PBXSourcesBuildPhase section */

/* Begin PBXTargetDependency section */
		6E6A1A1B2048EF41003ADE7B /* PBXTargetDependency */ = {
			isa = PBXTargetDependency;
			target = 6E6A1A002048EF41003ADE7B /* URLab */;
			targetProxy = 6E6A1A1A2048EF41003ADE7B /* PBXContainerItemProxy */;
		};
		6E6A1A262048EF41003ADE7B /* PBXTargetDependency */ = {
			isa = PBXTargetDependency;
			target = 6E6A1A002048EF41003ADE7B /* URLab */;
			targetProxy = 6E6A1A252048EF41003ADE7B /* PBXContainerItemProxy */;
		};
/* End PBXTargetDependency section */

/* Begin PBXVariantGroup section */
		6E6A1A0A2048EF41003ADE7B /* Main.storyboard */ = {
			isa = PBXVariantGroup;
			children = (
				6E6A1A0B2048EF41003ADE7B /* Base */,
			);
			name = Main.storyboard;
			sourceTree = "<group>";
		};
		6E6A1A0F2048EF41003ADE7B /* LaunchScreen.storyboard */ = {
			isa = PBXVariantGroup;
			children = (
				6E6A1A102048EF41003ADE7B /* Base */,
			);
			name = LaunchScreen.storyboard;
			sourceTree = "<group>";
		};
/* End PBXVariantGroup section */

/* Begin XCBuildConfiguration section */
		6E6A1A2B2048EF41003ADE7B /* Debug */ = {
			isa = XCBuildConfiguration;
			buildSettings = {
				ALWAYS_SEARCH_USER_PATHS = NO;
				CLANG_ANALYZER_NONNULL = YES;
				CLANG_ANALYZER_NUMBER_OBJECT_CONVERSION = YES_AGGRESSIVE;
				CLANG_CXX_LANGUAGE_STANDARD = "gnu++14";
				CLANG_CXX_LIBRARY = "libc++";
				CLANG_ENABLE_MODULES = YES;
				CLANG_ENABLE_OBJC_ARC = YES;
				CLANG_WARN_BLOCK_CAPTURE_AUTORELEASING = YES;
				CLANG_WARN_BOOL_CONVERSION = YES;
				CLANG_WARN_COMMA = YES;
				CLANG_WARN_CONSTANT_CONVERSION = YES;
				CLANG_WARN_DIRECT_OBJC_ISA_USAGE = YES_ERROR;
				CLANG_WARN_DOCUMENTATION_COMMENTS = YES;
				CLANG_WARN_EMPTY_BODY = YES;
				CLANG_WARN_ENUM_CONVERSION = YES;
				CLANG_WARN_INFINITE_RECURSION = YES;
				CLANG_WARN_INT_CONVERSION = YES;
				CLANG_WARN_NON_LITERAL_NULL_CONVERSION = YES;
				CLANG_WARN_OBJC_LITERAL_CONVERSION = YES;
				CLANG_WARN_OBJC_ROOT_CLASS = YES_ERROR;
				CLANG_WARN_RANGE_LOOP_ANALYSIS = YES;
				CLANG_WARN_STRICT_PROTOTYPES = YES;
				CLANG_WARN_SUSPICIOUS_MOVE = YES;
				CLANG_WARN_UNGUARDED_AVAILABILITY = YES_AGGRESSIVE;
				CLANG_WARN_UNREACHABLE_CODE = YES;
				CLANG_WARN__DUPLICATE_METHOD_MATCH = YES;
				CODE_SIGN_IDENTITY = "iPhone Developer";
				COPY_PHASE_STRIP = NO;
				DEBUG_INFORMATION_FORMAT = dwarf;
				ENABLE_STRICT_OBJC_MSGSEND = YES;
				ENABLE_TESTABILITY = YES;
				GCC_C_LANGUAGE_STANDARD = gnu11;
				GCC_DYNAMIC_NO_PIC = NO;
				GCC_NO_COMMON_BLOCKS = YES;
				GCC_OPTIMIZATION_LEVEL = 0;
				GCC_PREPROCESSOR_DEFINITIONS = (
					"DEBUG=1",
					"$(inherited)",
				);
				GCC_WARN_64_TO_32_BIT_CONVERSION = YES;
				GCC_WARN_ABOUT_RETURN_TYPE = YES_ERROR;
				GCC_WARN_UNDECLARED_SELECTOR = YES;
				GCC_WARN_UNINITIALIZED_AUTOS = YES_AGGRESSIVE;
				GCC_WARN_UNUSED_FUNCTION = YES;
				GCC_WARN_UNUSED_VARIABLE = YES;
				IPHONEOS_DEPLOYMENT_TARGET = 11.2;
				MTL_ENABLE_DEBUG_INFO = YES;
				ONLY_ACTIVE_ARCH = YES;
				SDKROOT = iphoneos;
			};
			name = Debug;
		};
		6E6A1A2C2048EF41003ADE7B /* Release */ = {
			isa = XCBuildConfiguration;
			buildSettings = {
				ALWAYS_SEARCH_USER_PATHS = NO;
				CLANG_ANALYZER_NONNULL = YES;
				CLANG_ANALYZER_NUMBER_OBJECT_CONVERSION = YES_AGGRESSIVE;
				CLANG_CXX_LANGUAGE_STANDARD = "gnu++14";
				CLANG_CXX_LIBRARY = "libc++";
				CLANG_ENABLE_MODULES = YES;
				CLANG_ENABLE_OBJC_ARC = YES;
				CLANG_WARN_BLOCK_CAPTURE_AUTORELEASING = YES;
				CLANG_WARN_BOOL_CONVERSION = YES;
				CLANG_WARN_COMMA = YES;
				CLANG_WARN_CONSTANT_CONVERSION = YES;
				CLANG_WARN_DIRECT_OBJC_ISA_USAGE = YES_ERROR;
				CLANG_WARN_DOCUMENTATION_COMMENTS = YES;
				CLANG_WARN_EMPTY_BODY = YES;
				CLANG_WARN_ENUM_CONVERSION = YES;
				CLANG_WARN_INFINITE_RECURSION = YES;
				CLANG_WARN_INT_CONVERSION = YES;
				CLANG_WARN_NON_LITERAL_NULL_CONVERSION = YES;
				CLANG_WARN_OBJC_LITERAL_CONVERSION = YES;
				CLANG_WARN_OBJC_ROOT_CLASS = YES_ERROR;
				CLANG_WARN_RANGE_LOOP_ANALYSIS = YES;
				CLANG_WARN_STRICT_PROTOTYPES = YES;
				CLANG_WARN_SUSPICIOUS_MOVE = YES;
				CLANG_WARN_UNGUARDED_AVAILABILITY = YES_AGGRESSIVE;
				CLANG_WARN_UNREACHABLE_CODE = YES;
				CLANG_WARN__DUPLICATE_METHOD_MATCH = YES;
				CODE_SIGN_IDENTITY = "iPhone Developer";
				COPY_PHASE_STRIP = NO;
				DEBUG_INFORMATION_FORMAT = "dwarf-with-dsym";
				ENABLE_NS_ASSERTIONS = NO;
				ENABLE_STRICT_OBJC_MSGSEND = YES;
				GCC_C_LANGUAGE_STANDARD = gnu11;
				GCC_NO_COMMON_BLOCKS = YES;
				GCC_WARN_64_TO_32_BIT_CONVERSION = YES;
				GCC_WARN_ABOUT_RETURN_TYPE = YES_ERROR;
				GCC_WARN_UNDECLARED_SELECTOR = YES;
				GCC_WARN_UNINITIALIZED_AUTOS = YES_AGGRESSIVE;
				GCC_WARN_UNUSED_FUNCTION = YES;
				GCC_WARN_UNUSED_VARIABLE = YES;
				IPHONEOS_DEPLOYMENT_TARGET = 11.2;
				MTL_ENABLE_DEBUG_INFO = NO;
				SDKROOT = iphoneos;
				VALIDATE_PRODUCT = YES;
			};
			name = Release;
		};
		6E6A1A2E2048EF41003ADE7B /* Debug */ = {
			isa = XCBuildConfiguration;
			buildSettings = {
				ASSETCATALOG_COMPILER_APPICON_NAME = AppIcon;
				CODE_SIGN_STYLE = Automatic;
				DEVELOPMENT_TEAM = PJD5F25QWG;
				INFOPLIST_FILE = URLab/Info.plist;
				IPHONEOS_DEPLOYMENT_TARGET = 9.0;
				LD_RUNPATH_SEARCH_PATHS = "$(inherited) @executable_path/Frameworks";
				PRODUCT_BUNDLE_IDENTIFIER = com.unreal.URLab;
				PRODUCT_NAME = "$(TARGET_NAME)";
				TARGETED_DEVICE_FAMILY = "1,2";
			};
			name = Debug;
		};
		6E6A1A2F2048EF41003ADE7B /* Release */ = {
			isa = XCBuildConfiguration;
			buildSettings = {
				ASSETCATALOG_COMPILER_APPICON_NAME = AppIcon;
				CODE_SIGN_STYLE = Automatic;
				DEVELOPMENT_TEAM = PJD5F25QWG;
				INFOPLIST_FILE = URLab/Info.plist;
				IPHONEOS_DEPLOYMENT_TARGET = 9.0;
				LD_RUNPATH_SEARCH_PATHS = "$(inherited) @executable_path/Frameworks";
				PRODUCT_BUNDLE_IDENTIFIER = com.unreal.URLab;
				PRODUCT_NAME = "$(TARGET_NAME)";
				TARGETED_DEVICE_FAMILY = "1,2";
			};
			name = Release;
		};
		6E6A1A312048EF41003ADE7B /* Debug */ = {
			isa = XCBuildConfiguration;
			buildSettings = {
				BUNDLE_LOADER = "$(TEST_HOST)";
				CODE_SIGN_STYLE = Automatic;
				DEVELOPMENT_TEAM = PJD5F25QWG;
				INFOPLIST_FILE = URLabTests/Info.plist;
				LD_RUNPATH_SEARCH_PATHS = "$(inherited) @executable_path/Frameworks @loader_path/Frameworks";
				PRODUCT_BUNDLE_IDENTIFIER = com.unreal.URLabTests;
				PRODUCT_NAME = "$(TARGET_NAME)";
				TARGETED_DEVICE_FAMILY = "1,2";
				TEST_HOST = "$(BUILT_PRODUCTS_DIR)/URLab.app/URLab";
			};
			name = Debug;
		};
		6E6A1A322048EF41003ADE7B /* Release */ = {
			isa = XCBuildConfiguration;
			buildSettings = {
				BUNDLE_LOADER = "$(TEST_HOST)";
				CODE_SIGN_STYLE = Automatic;
				DEVELOPMENT_TEAM = PJD5F25QWG;
				INFOPLIST_FILE = URLabTests/Info.plist;
				LD_RUNPATH_SEARCH_PATHS = "$(inherited) @executable_path/Frameworks @loader_path/Frameworks";
				PRODUCT_BUNDLE_IDENTIFIER = com.unreal.URLabTests;
				PRODUCT_NAME = "$(TARGET_NAME)";
				TARGETED_DEVICE_FAMILY = "1,2";
				TEST_HOST = "$(BUILT_PRODUCTS_DIR)/URLab.app/URLab";
			};
			name = Release;
		};
		6E6A1A342048EF41003ADE7B /* Debug */ = {
			isa = XCBuildConfiguration;
			buildSettings = {
				CODE_SIGN_STYLE = Automatic;
				DEVELOPMENT_TEAM = PJD5F25QWG;
				INFOPLIST_FILE = URLabUITests/Info.plist;
				LD_RUNPATH_SEARCH_PATHS = "$(inherited) @executable_path/Frameworks @loader_path/Frameworks";
				PRODUCT_BUNDLE_IDENTIFIER = com.unreal.URLabUITests;
				PRODUCT_NAME = "$(TARGET_NAME)";
				TARGETED_DEVICE_FAMILY = "1,2";
				TEST_TARGET_NAME = URLab;
			};
			name = Debug;
		};
		6E6A1A352048EF41003ADE7B /* Release */ = {
			isa = XCBuildConfiguration;
			buildSettings = {
				CODE_SIGN_STYLE = Automatic;
				DEVELOPMENT_TEAM = PJD5F25QWG;
				INFOPLIST_FILE = URLabUITests/Info.plist;
				LD_RUNPATH_SEARCH_PATHS = "$(inherited) @executable_path/Frameworks @loader_path/Frameworks";
				PRODUCT_BUNDLE_IDENTIFIER = com.unreal.URLabUITests;
				PRODUCT_NAME = "$(TARGET_NAME)";
				TARGETED_DEVICE_FAMILY = "1,2";
				TEST_TARGET_NAME = URLab;
			};
			name = Release;
		};
/* End XCBuildConfiguration section */

/* Begin XCConfigurationList section */
		6E6A19FC2048EF41003ADE7B /* Build configuration list for PBXProject "URLab" */ = {
			isa = XCConfigurationList;
			buildConfigurations = (
				6E6A1A2B2048EF41003ADE7B /* Debug */,
				6E6A1A2C2048EF41003ADE7B /* Release */,
			);
			defaultConfigurationIsVisible = 0;
			defaultConfigurationName = Release;
		};
		6E6A1A2D2048EF41003ADE7B /* Build configuration list for PBXNativeTarget "URLab" */ = {
			isa = XCConfigurationList;
			buildConfigurations = (
				6E6A1A2E2048EF41003ADE7B /* Debug */,
				6E6A1A2F2048EF41003ADE7B /* Release */,
			);
			defaultConfigurationIsVisible = 0;
			defaultConfigurationName = Release;
		};
		6E6A1A302048EF41003ADE7B /* Build configuration list for PBXNativeTarget "URLabTests" */ = {
			isa = XCConfigurationList;
			buildConfigurations = (
				6E6A1A312048EF41003ADE7B /* Debug */,
				6E6A1A322048EF41003ADE7B /* Release */,
			);
			defaultConfigurationIsVisible = 0;
			defaultConfigurationName = Release;
		};
		6E6A1A332048EF41003ADE7B /* Build configuration list for PBXNativeTarget "URLabUITests" */ = {
			isa = XCConfigurationList;
			buildConfigurations = (
				6E6A1A342048EF41003ADE7B /* Debug */,
				6E6A1A352048EF41003ADE7B /* Release */,
			);
			defaultConfigurationIsVisible = 0;
			defaultConfigurationName = Release;
		};
/* End XCConfigurationList section */
	};
	rootObject = 6E6A19F92048EF41003ADE7B /* Project object */;
}
